// !$*UTF8*$!
{
	archiveVersion = 1;
	classes = {
	};
	objectVersion = 56;
	objects = {

/* Begin PBXBuildFile section */
		617A808729CC42DA00F9744D /* AppDelegate.swift in Sources */ = {isa = PBXBuildFile; fileRef = 617A808629CC42DA00F9744D /* AppDelegate.swift */; };
		617A808929CC42DA00F9744D /* SceneDelegate.swift in Sources */ = {isa = PBXBuildFile; fileRef = 617A808829CC42DA00F9744D /* SceneDelegate.swift */; };
		617A809129CC42DA00F9744D /* Tracker_ios.xcdatamodeld in Sources */ = {isa = PBXBuildFile; fileRef = 617A808F29CC42DA00F9744D /* Tracker_ios.xcdatamodeld */; };
		617A809329CC42DB00F9744D /* Assets.xcassets in Resources */ = {isa = PBXBuildFile; fileRef = 617A809229CC42DB00F9744D /* Assets.xcassets */; };
		61F1639C29CC89C700C8357A /* LaunchScreenView.swift in Sources */ = {isa = PBXBuildFile; fileRef = 61F1639B29CC89C700C8357A /* LaunchScreenView.swift */; };
		61F1639E29CC8AB900C8357A /* Constants.swift in Sources */ = {isa = PBXBuildFile; fileRef = 61F1639D29CC8AB900C8357A /* Constants.swift */; };
		61F163A029CC8AEE00C8357A /* UIColor+Extensions.swift in Sources */ = {isa = PBXBuildFile; fileRef = 61F1639F29CC8AEE00C8357A /* UIColor+Extensions.swift */; };
		61F163A329CC8C4C00C8357A /* UIView+Extensions.swift in Sources */ = {isa = PBXBuildFile; fileRef = 61F163A229CC8C4C00C8357A /* UIView+Extensions.swift */; };
		61F163A529CC8DA600C8357A /* LaunchScreenController.swift in Sources */ = {isa = PBXBuildFile; fileRef = 61F163A429CC8DA600C8357A /* LaunchScreenController.swift */; };
		61F163AA29CC8F5000C8357A /* LaunchScreenPresenter.swift in Sources */ = {isa = PBXBuildFile; fileRef = 61F163A929CC8F5000C8357A /* LaunchScreenPresenter.swift */; };
/* End PBXBuildFile section */

/* Begin PBXFileReference section */
		617A808329CC42DA00F9744D /* Tracker-ios.app */ = {isa = PBXFileReference; explicitFileType = wrapper.application; includeInIndex = 0; path = "Tracker-ios.app"; sourceTree = BUILT_PRODUCTS_DIR; };
		617A808629CC42DA00F9744D /* AppDelegate.swift */ = {isa = PBXFileReference; lastKnownFileType = sourcecode.swift; path = AppDelegate.swift; sourceTree = "<group>"; };
		617A808829CC42DA00F9744D /* SceneDelegate.swift */ = {isa = PBXFileReference; lastKnownFileType = sourcecode.swift; path = SceneDelegate.swift; sourceTree = "<group>"; };
		617A809029CC42DA00F9744D /* Tracker_ios.xcdatamodel */ = {isa = PBXFileReference; lastKnownFileType = wrapper.xcdatamodel; path = Tracker_ios.xcdatamodel; sourceTree = "<group>"; };
		617A809229CC42DB00F9744D /* Assets.xcassets */ = {isa = PBXFileReference; lastKnownFileType = folder.assetcatalog; path = Assets.xcassets; sourceTree = "<group>"; };
		617A809729CC42DB00F9744D /* Info.plist */ = {isa = PBXFileReference; lastKnownFileType = text.plist.xml; path = Info.plist; sourceTree = "<group>"; };
		61F1639B29CC89C700C8357A /* LaunchScreenView.swift */ = {isa = PBXFileReference; lastKnownFileType = sourcecode.swift; path = LaunchScreenView.swift; sourceTree = "<group>"; };
		61F1639D29CC8AB900C8357A /* Constants.swift */ = {isa = PBXFileReference; lastKnownFileType = sourcecode.swift; path = Constants.swift; sourceTree = "<group>"; };
		61F1639F29CC8AEE00C8357A /* UIColor+Extensions.swift */ = {isa = PBXFileReference; lastKnownFileType = sourcecode.swift; path = "UIColor+Extensions.swift"; sourceTree = "<group>"; };
		61F163A229CC8C4C00C8357A /* UIView+Extensions.swift */ = {isa = PBXFileReference; lastKnownFileType = sourcecode.swift; path = "UIView+Extensions.swift"; sourceTree = "<group>"; };
		61F163A429CC8DA600C8357A /* LaunchScreenController.swift */ = {isa = PBXFileReference; lastKnownFileType = sourcecode.swift; path = LaunchScreenController.swift; sourceTree = "<group>"; };
		61F163A929CC8F5000C8357A /* LaunchScreenPresenter.swift */ = {isa = PBXFileReference; lastKnownFileType = sourcecode.swift; path = LaunchScreenPresenter.swift; sourceTree = "<group>"; };
/* End PBXFileReference section */

/* Begin PBXFrameworksBuildPhase section */
		617A808029CC42DA00F9744D /* Frameworks */ = {
			isa = PBXFrameworksBuildPhase;
			buildActionMask = 2147483647;
			files = (
			);
			runOnlyForDeploymentPostprocessing = 0;
		};
/* End PBXFrameworksBuildPhase section */

/* Begin PBXGroup section */
		617A807A29CC42DA00F9744D = {
			isa = PBXGroup;
			children = (
				617A808529CC42DA00F9744D /* Tracker-ios */,
				617A808429CC42DA00F9744D /* Products */,
			);
			sourceTree = "<group>";
		};
		617A808429CC42DA00F9744D /* Products */ = {
			isa = PBXGroup;
			children = (
				617A808329CC42DA00F9744D /* Tracker-ios.app */,
			);
			name = Products;
			sourceTree = "<group>";
		};
		617A808529CC42DA00F9744D /* Tracker-ios */ = {
			isa = PBXGroup;
			children = (
				61F1639829CC898F00C8357A /* LaunchScreen */,
				61F1639529CC894500C8357A /* Model */,
				61F1639629CC896400C8357A /* Supporting Files */,
			);
			path = "Tracker-ios";
			sourceTree = "<group>";
		};
		61F1639529CC894500C8357A /* Model */ = {
			isa = PBXGroup;
			children = (
				617A808F29CC42DA00F9744D /* Tracker_ios.xcdatamodeld */,
				61F1639D29CC8AB900C8357A /* Constants.swift */,
			);
			path = Model;
			sourceTree = "<group>";
		};
		61F1639629CC896400C8357A /* Supporting Files */ = {
			isa = PBXGroup;
			children = (
				61F1639729CC897900C8357A /* Helpers */,
				617A808629CC42DA00F9744D /* AppDelegate.swift */,
				617A808829CC42DA00F9744D /* SceneDelegate.swift */,
				617A809229CC42DB00F9744D /* Assets.xcassets */,
				617A809729CC42DB00F9744D /* Info.plist */,
			);
			path = "Supporting Files";
			sourceTree = "<group>";
		};
		61F1639729CC897900C8357A /* Helpers */ = {
			isa = PBXGroup;
			children = (
				61F1639F29CC8AEE00C8357A /* UIColor+Extensions.swift */,
				61F163A229CC8C4C00C8357A /* UIView+Extensions.swift */,
			);
			path = Helpers;
			sourceTree = "<group>";
		};
		61F1639829CC898F00C8357A /* LaunchScreen */ = {
			isa = PBXGroup;
			children = (
				61F1639929CC89A100C8357A /* View */,
				61F1639A29CC89A900C8357A /* Controller */,
				61F163A129CC8C1700C8357A /* Presenter */,
			);
			path = LaunchScreen;
			sourceTree = "<group>";
		};
		61F1639929CC89A100C8357A /* View */ = {
			isa = PBXGroup;
			children = (
				61F1639B29CC89C700C8357A /* LaunchScreenView.swift */,
			);
			path = View;
			sourceTree = "<group>";
		};
		61F1639A29CC89A900C8357A /* Controller */ = {
			isa = PBXGroup;
			children = (
				61F163A429CC8DA600C8357A /* LaunchScreenController.swift */,
			);
			path = Controller;
			sourceTree = "<group>";
		};
		61F163A129CC8C1700C8357A /* Presenter */ = {
			isa = PBXGroup;
			children = (
				61F163A929CC8F5000C8357A /* LaunchScreenPresenter.swift */,
			);
			path = Presenter;
			sourceTree = "<group>";
		};
/* End PBXGroup section */

/* Begin PBXNativeTarget section */
		617A808229CC42DA00F9744D /* Tracker-ios */ = {
			isa = PBXNativeTarget;
			buildConfigurationList = 617A809A29CC42DB00F9744D /* Build configuration list for PBXNativeTarget "Tracker-ios" */;
			buildPhases = (
				617A807F29CC42DA00F9744D /* Sources */,
				617A808029CC42DA00F9744D /* Frameworks */,
				617A808129CC42DA00F9744D /* Resources */,
				61F163A829CC8E2900C8357A /* ShellScript */,
			);
			buildRules = (
			);
			dependencies = (
			);
			name = "Tracker-ios";
			productName = "Tracker-ios";
			productReference = 617A808329CC42DA00F9744D /* Tracker-ios.app */;
			productType = "com.apple.product-type.application";
		};
/* End PBXNativeTarget section */

/* Begin PBXProject section */
		617A807B29CC42DA00F9744D /* Project object */ = {
			isa = PBXProject;
			attributes = {
				BuildIndependentTargetsInParallel = 1;
				LastSwiftUpdateCheck = 1420;
				LastUpgradeCheck = 1420;
				TargetAttributes = {
					617A808229CC42DA00F9744D = {
						CreatedOnToolsVersion = 14.2;
					};
				};
			};
			buildConfigurationList = 617A807E29CC42DA00F9744D /* Build configuration list for PBXProject "Tracker-ios" */;
			compatibilityVersion = "Xcode 14.0";
			developmentRegion = en;
			hasScannedForEncodings = 0;
			knownRegions = (
				en,
				Base,
			);
			mainGroup = 617A807A29CC42DA00F9744D;
			productRefGroup = 617A808429CC42DA00F9744D /* Products */;
			projectDirPath = "";
			projectRoot = "";
			targets = (
				617A808229CC42DA00F9744D /* Tracker-ios */,
			);
		};
/* End PBXProject section */

/* Begin PBXResourcesBuildPhase section */
		617A808129CC42DA00F9744D /* Resources */ = {
			isa = PBXResourcesBuildPhase;
			buildActionMask = 2147483647;
			files = (
				617A809329CC42DB00F9744D /* Assets.xcassets in Resources */,
			);
			runOnlyForDeploymentPostprocessing = 0;
		};
/* End PBXResourcesBuildPhase section */

/* Begin PBXShellScriptBuildPhase section */
		61F163A829CC8E2900C8357A /* ShellScript */ = {
			isa = PBXShellScriptBuildPhase;
			alwaysOutOfDate = 1;
			buildActionMask = 2147483647;
			files = (
			);
			inputFileListPaths = (
			);
			inputPaths = (
			);
			outputFileListPaths = (
			);
			outputPaths = (
			);
			runOnlyForDeploymentPostprocessing = 0;
			shellPath = /bin/sh;
			shellScript = "if which swiftlint > /dev/null; then\n  swiftlint\nelse\n  echo \"warning: SwiftLint not installed, download from https://github.com/realm/SwiftLint\"\nfi\n";
		};
/* End PBXShellScriptBuildPhase section */

/* Begin PBXSourcesBuildPhase section */
		617A807F29CC42DA00F9744D /* Sources */ = {
			isa = PBXSourcesBuildPhase;
			buildActionMask = 2147483647;
			files = (
				61F163A329CC8C4C00C8357A /* UIView+Extensions.swift in Sources */,
				61F1639E29CC8AB900C8357A /* Constants.swift in Sources */,
				61F163AA29CC8F5000C8357A /* LaunchScreenPresenter.swift in Sources */,
				61F163A029CC8AEE00C8357A /* UIColor+Extensions.swift in Sources */,
				617A808729CC42DA00F9744D /* AppDelegate.swift in Sources */,
				617A809129CC42DA00F9744D /* Tracker_ios.xcdatamodeld in Sources */,
				617A808929CC42DA00F9744D /* SceneDelegate.swift in Sources */,
				61F163A529CC8DA600C8357A /* LaunchScreenController.swift in Sources */,
				61F1639C29CC89C700C8357A /* LaunchScreenView.swift in Sources */,
			);
			runOnlyForDeploymentPostprocessing = 0;
		};
/* End PBXSourcesBuildPhase section */

/* Begin XCBuildConfiguration section */
		617A809829CC42DB00F9744D /* Debug */ = {
			isa = XCBuildConfiguration;
			buildSettings = {
				ALWAYS_SEARCH_USER_PATHS = NO;
				CLANG_ANALYZER_NONNULL = YES;
				CLANG_ANALYZER_NUMBER_OBJECT_CONVERSION = YES_AGGRESSIVE;
				CLANG_CXX_LANGUAGE_STANDARD = "gnu++20";
				CLANG_ENABLE_MODULES = YES;
				CLANG_ENABLE_OBJC_ARC = YES;
				CLANG_ENABLE_OBJC_WEAK = YES;
				CLANG_WARN_BLOCK_CAPTURE_AUTORELEASING = YES;
				CLANG_WARN_BOOL_CONVERSION = YES;
				CLANG_WARN_COMMA = YES;
				CLANG_WARN_CONSTANT_CONVERSION = YES;
				CLANG_WARN_DEPRECATED_OBJC_IMPLEMENTATIONS = YES;
				CLANG_WARN_DIRECT_OBJC_ISA_USAGE = YES_ERROR;
				CLANG_WARN_DOCUMENTATION_COMMENTS = YES;
				CLANG_WARN_EMPTY_BODY = YES;
				CLANG_WARN_ENUM_CONVERSION = YES;
				CLANG_WARN_INFINITE_RECURSION = YES;
				CLANG_WARN_INT_CONVERSION = YES;
				CLANG_WARN_NON_LITERAL_NULL_CONVERSION = YES;
				CLANG_WARN_OBJC_IMPLICIT_RETAIN_SELF = YES;
				CLANG_WARN_OBJC_LITERAL_CONVERSION = YES;
				CLANG_WARN_OBJC_ROOT_CLASS = YES_ERROR;
				CLANG_WARN_QUOTED_INCLUDE_IN_FRAMEWORK_HEADER = YES;
				CLANG_WARN_RANGE_LOOP_ANALYSIS = YES;
				CLANG_WARN_STRICT_PROTOTYPES = YES;
				CLANG_WARN_SUSPICIOUS_MOVE = YES;
				CLANG_WARN_UNGUARDED_AVAILABILITY = YES_AGGRESSIVE;
				CLANG_WARN_UNREACHABLE_CODE = YES;
				CLANG_WARN__DUPLICATE_METHOD_MATCH = YES;
				COPY_PHASE_STRIP = NO;
				DEBUG_INFORMATION_FORMAT = dwarf;
				ENABLE_STRICT_OBJC_MSGSEND = YES;
				ENABLE_TESTABILITY = YES;
				GCC_C_LANGUAGE_STANDARD = gnu11;
				GCC_DYNAMIC_NO_PIC = NO;
				GCC_NO_COMMON_BLOCKS = YES;
				GCC_OPTIMIZATION_LEVEL = 0;
				GCC_PREPROCESSOR_DEFINITIONS = (
					"DEBUG=1",
					"$(inherited)",
				);
				GCC_WARN_64_TO_32_BIT_CONVERSION = YES;
				GCC_WARN_ABOUT_RETURN_TYPE = YES_ERROR;
				GCC_WARN_UNDECLARED_SELECTOR = YES;
				GCC_WARN_UNINITIALIZED_AUTOS = YES_AGGRESSIVE;
				GCC_WARN_UNUSED_FUNCTION = YES;
				GCC_WARN_UNUSED_VARIABLE = YES;
				IPHONEOS_DEPLOYMENT_TARGET = 16.2;
				MTL_ENABLE_DEBUG_INFO = INCLUDE_SOURCE;
				MTL_FAST_MATH = YES;
				ONLY_ACTIVE_ARCH = YES;
				SDKROOT = iphoneos;
				SWIFT_ACTIVE_COMPILATION_CONDITIONS = DEBUG;
				SWIFT_OPTIMIZATION_LEVEL = "-Onone";
			};
			name = Debug;
		};
		617A809929CC42DB00F9744D /* Release */ = {
			isa = XCBuildConfiguration;
			buildSettings = {
				ALWAYS_SEARCH_USER_PATHS = NO;
				CLANG_ANALYZER_NONNULL = YES;
				CLANG_ANALYZER_NUMBER_OBJECT_CONVERSION = YES_AGGRESSIVE;
				CLANG_CXX_LANGUAGE_STANDARD = "gnu++20";
				CLANG_ENABLE_MODULES = YES;
				CLANG_ENABLE_OBJC_ARC = YES;
				CLANG_ENABLE_OBJC_WEAK = YES;
				CLANG_WARN_BLOCK_CAPTURE_AUTORELEASING = YES;
				CLANG_WARN_BOOL_CONVERSION = YES;
				CLANG_WARN_COMMA = YES;
				CLANG_WARN_CONSTANT_CONVERSION = YES;
				CLANG_WARN_DEPRECATED_OBJC_IMPLEMENTATIONS = YES;
				CLANG_WARN_DIRECT_OBJC_ISA_USAGE = YES_ERROR;
				CLANG_WARN_DOCUMENTATION_COMMENTS = YES;
				CLANG_WARN_EMPTY_BODY = YES;
				CLANG_WARN_ENUM_CONVERSION = YES;
				CLANG_WARN_INFINITE_RECURSION = YES;
				CLANG_WARN_INT_CONVERSION = YES;
				CLANG_WARN_NON_LITERAL_NULL_CONVERSION = YES;
				CLANG_WARN_OBJC_IMPLICIT_RETAIN_SELF = YES;
				CLANG_WARN_OBJC_LITERAL_CONVERSION = YES;
				CLANG_WARN_OBJC_ROOT_CLASS = YES_ERROR;
				CLANG_WARN_QUOTED_INCLUDE_IN_FRAMEWORK_HEADER = YES;
				CLANG_WARN_RANGE_LOOP_ANALYSIS = YES;
				CLANG_WARN_STRICT_PROTOTYPES = YES;
				CLANG_WARN_SUSPICIOUS_MOVE = YES;
				CLANG_WARN_UNGUARDED_AVAILABILITY = YES_AGGRESSIVE;
				CLANG_WARN_UNREACHABLE_CODE = YES;
				CLANG_WARN__DUPLICATE_METHOD_MATCH = YES;
				COPY_PHASE_STRIP = NO;
				DEBUG_INFORMATION_FORMAT = "dwarf-with-dsym";
				ENABLE_NS_ASSERTIONS = NO;
				ENABLE_STRICT_OBJC_MSGSEND = YES;
				GCC_C_LANGUAGE_STANDARD = gnu11;
				GCC_NO_COMMON_BLOCKS = YES;
				GCC_WARN_64_TO_32_BIT_CONVERSION = YES;
				GCC_WARN_ABOUT_RETURN_TYPE = YES_ERROR;
				GCC_WARN_UNDECLARED_SELECTOR = YES;
				GCC_WARN_UNINITIALIZED_AUTOS = YES_AGGRESSIVE;
				GCC_WARN_UNUSED_FUNCTION = YES;
				GCC_WARN_UNUSED_VARIABLE = YES;
				IPHONEOS_DEPLOYMENT_TARGET = 16.2;
				MTL_ENABLE_DEBUG_INFO = NO;
				MTL_FAST_MATH = YES;
				SDKROOT = iphoneos;
				SWIFT_COMPILATION_MODE = wholemodule;
				SWIFT_OPTIMIZATION_LEVEL = "-O";
				VALIDATE_PRODUCT = YES;
			};
			name = Release;
		};
		617A809B29CC42DB00F9744D /* Debug */ = {
			isa = XCBuildConfiguration;
			buildSettings = {
				ASSETCATALOG_COMPILER_APPICON_NAME = AppIcon;
				ASSETCATALOG_COMPILER_GLOBAL_ACCENT_COLOR_NAME = AccentColor;
				CODE_SIGN_STYLE = Automatic;
				CURRENT_PROJECT_VERSION = 1;
				DEVELOPMENT_TEAM = 7WTLW784B9;
				GENERATE_INFOPLIST_FILE = YES;
				INFOPLIST_FILE = "Tracker-ios/Supporting Files/Info.plist";
				INFOPLIST_KEY_UIApplicationSupportsIndirectInputEvents = YES;
				INFOPLIST_KEY_UILaunchStoryboardName = LaunchScreen;
				INFOPLIST_KEY_UISupportedInterfaceOrientations = UIInterfaceOrientationPortrait;
				INFOPLIST_KEY_UISupportedInterfaceOrientations_iPad = "UIInterfaceOrientationLandscapeLeft UIInterfaceOrientationLandscapeRight UIInterfaceOrientationPortrait UIInterfaceOrientationPortraitUpsideDown";
				IPHONEOS_DEPLOYMENT_TARGET = 13.4;
				LD_RUNPATH_SEARCH_PATHS = (
					"$(inherited)",
					"@executable_path/Frameworks",
				);
				MARKETING_VERSION = 1.0;
				PRODUCT_BUNDLE_IDENTIFIER = "com.IlyaValito.Tracker-ios";
				PRODUCT_NAME = "$(TARGET_NAME)";
				SUPPORTED_PLATFORMS = "iphoneos iphonesimulator";
				SUPPORTS_MACCATALYST = NO;
				SUPPORTS_MAC_DESIGNED_FOR_IPHONE_IPAD = NO;
				SWIFT_EMIT_LOC_STRINGS = YES;
				SWIFT_VERSION = 5.0;
				TARGETED_DEVICE_FAMILY = 1;
			};
			name = Debug;
		};
		617A809C29CC42DB00F9744D /* Release */ = {
			isa = XCBuildConfiguration;
			buildSettings = {
				ASSETCATALOG_COMPILER_APPICON_NAME = AppIcon;
				ASSETCATALOG_COMPILER_GLOBAL_ACCENT_COLOR_NAME = AccentColor;
				CODE_SIGN_STYLE = Automatic;
				CURRENT_PROJECT_VERSION = 1;
				DEVELOPMENT_TEAM = 7WTLW784B9;
				GENERATE_INFOPLIST_FILE = YES;
				INFOPLIST_FILE = "Tracker-ios/Supporting Files/Info.plist";
				INFOPLIST_KEY_UIApplicationSupportsIndirectInputEvents = YES;
				INFOPLIST_KEY_UILaunchStoryboardName = LaunchScreen;
				INFOPLIST_KEY_UISupportedInterfaceOrientations = UIInterfaceOrientationPortrait;
				INFOPLIST_KEY_UISupportedInterfaceOrientations_iPad = "UIInterfaceOrientationLandscapeLeft UIInterfaceOrientationLandscapeRight UIInterfaceOrientationPortrait UIInterfaceOrientationPortraitUpsideDown";
				IPHONEOS_DEPLOYMENT_TARGET = 13.4;
				LD_RUNPATH_SEARCH_PATHS = (
					"$(inherited)",
					"@executable_path/Frameworks",
				);
				MARKETING_VERSION = 1.0;
				PRODUCT_BUNDLE_IDENTIFIER = "com.IlyaValito.Tracker-ios";
				PRODUCT_NAME = "$(TARGET_NAME)";
				SUPPORTED_PLATFORMS = "iphoneos iphonesimulator";
				SUPPORTS_MACCATALYST = NO;
				SUPPORTS_MAC_DESIGNED_FOR_IPHONE_IPAD = NO;
				SWIFT_EMIT_LOC_STRINGS = YES;
				SWIFT_VERSION = 5.0;
				TARGETED_DEVICE_FAMILY = 1;
			};
			name = Release;
		};
/* End XCBuildConfiguration section */

/* Begin XCConfigurationList section */
		617A807E29CC42DA00F9744D /* Build configuration list for PBXProject "Tracker-ios" */ = {
			isa = XCConfigurationList;
			buildConfigurations = (
				617A809829CC42DB00F9744D /* Debug */,
				617A809929CC42DB00F9744D /* Release */,
			);
			defaultConfigurationIsVisible = 0;
			defaultConfigurationName = Release;
		};
		617A809A29CC42DB00F9744D /* Build configuration list for PBXNativeTarget "Tracker-ios" */ = {
			isa = XCConfigurationList;
			buildConfigurations = (
				617A809B29CC42DB00F9744D /* Debug */,
				617A809C29CC42DB00F9744D /* Release */,
			);
			defaultConfigurationIsVisible = 0;
			defaultConfigurationName = Release;
		};
/* End XCConfigurationList section */

/* Begin XCVersionGroup section */
		617A808F29CC42DA00F9744D /* Tracker_ios.xcdatamodeld */ = {
			isa = XCVersionGroup;
			children = (
				617A809029CC42DA00F9744D /* Tracker_ios.xcdatamodel */,
			);
			currentVersion = 617A809029CC42DA00F9744D /* Tracker_ios.xcdatamodel */;
			path = Tracker_ios.xcdatamodeld;
			sourceTree = "<group>";
			versionGroupType = wrapper.xcdatamodel;
		};
/* End XCVersionGroup section */
	};
	rootObject = 617A807B29CC42DA00F9744D /* Project object */;
}
